
Microsoft Visual Studio Solution File, Format Version 12.00
# Visual Studio Version 17
VisualStudioVersion = 17.12.35506.116
MinimumVisualStudioVersion = 10.0.40219.1
Project("{2150E333-8FDC-42A3-9474-1A3956D46DE8}") = "12", "12", "{A1924C66-52F1-4A26-878B-A6A59FC0E5D3}"
EndProject
Project("{2150E333-8FDC-42A3-9474-1A3956D46DE8}") = "13", "13", "{DB944B8E-AE2A-437B-9F96-E0F6E96AD43E}"
EndProject
Project("{FAE04EC0-301F-11D3-BF4B-00C04F79EFBC}") = "AliasAnyType", "12\AliasAnyType\AliasAnyType.csproj", "{AB834322-64F0-44FB-B9F2-D98344D89ADB}"
EndProject
Project("{FAE04EC0-301F-11D3-BF4B-00C04F79EFBC}") = "CollectionChanges", "12\CollectionChanges\CollectionChanges.csproj", "{A54DB432-DBB5-452C-A76B-51A7938892FE}"
EndProject
Project("{FAE04EC0-301F-11D3-BF4B-00C04F79EFBC}") = "DefaultLambdaParameters", "12\DefaultLambdaParameters\DefaultLambdaParameters.csproj", "{3CB16458-548B-4DD5-BDC7-E6278C1B6E9C}"
EndProject
Project("{FAE04EC0-301F-11D3-BF4B-00C04F79EFBC}") = "Interceptors", "12\Interceptors\Interceptors.csproj", "{DB001553-D473-4FB2-9D21-B0EA64B78690}"
EndProject
Project("{FAE04EC0-301F-11D3-BF4B-00C04F79EFBC}") = "NameOfChanges", "12\NameOfChanges\NameOfChanges.csproj", "{AF4DCDAE-60CE-453C-9BDB-28941691B94B}"
EndProject
Project("{FAE04EC0-301F-11D3-BF4B-00C04F79EFBC}") = "PrimaryConstructors", "12\PrimaryConstructors\PrimaryConstructors.csproj", "{923BFA0A-DA20-46DD-88D4-728BC1A10A08}"
EndProject
Project("{FAE04EC0-301F-11D3-BF4B-00C04F79EFBC}") = "ParamsCollections", "13\ParamsCollections\ParamsCollections.csproj", "{FDDF3EF3-954A-481E-8A57-3BAA01CC5467}"
EndProject
Project("{FAE04EC0-301F-11D3-BF4B-00C04F79EFBC}") = "NewLockObject", "13\NewLockObject\NewLockObject.csproj", "{F2134AB8-385C-414B-B255-63E054AF5D18}"
EndProject
Project("{FAE04EC0-301F-11D3-BF4B-00C04F79EFBC}") = "NewEscapeSequence", "13\NewEscapeSequence\NewEscapeSequence.csproj", "{69AFFF93-8AC3-4051-931C-B6E85F786CC7}"
EndProject
Project("{FAE04EC0-301F-11D3-BF4B-00C04F79EFBC}") = "ImplicitIndexAccess", "13\ImplicitIndexAccess\ImplicitIndexAccess.csproj", "{9664CCA5-03C6-4157-8D4F-8D3AA6DBD609}"
EndProject
Project("{FAE04EC0-301F-11D3-BF4B-00C04F79EFBC}") = "MethodGroupNaturalType", "13\MethodGroupNaturalType\MethodGroupNaturalType.csproj", "{3DCF1DF2-9814-4C40-A164-7DBD645D3C7B}"
EndProject
Project("{FAE04EC0-301F-11D3-BF4B-00C04F79EFBC}") = "RefAsync", "13\RefAsync\RefAsync.csproj", "{5BB4A5B3-BD21-441B-8E3F-B9D87FFBE8D6}"
EndProject
Project("{FAE04EC0-301F-11D3-BF4B-00C04F79EFBC}") = "UnsafeAsync", "13\UnsafeAsync\UnsafeAsync.csproj", "{05B54915-8433-4470-BE48-FAD769753956}"
EndProject
Global
	GlobalSection(SolutionConfigurationPlatforms) = preSolution
		Debug|Any CPU = Debug|Any CPU
		Release|Any CPU = Release|Any CPU
	EndGlobalSection
	GlobalSection(ProjectConfigurationPlatforms) = postSolution
		{AB834322-64F0-44FB-B9F2-D98344D89ADB}.Debug|Any CPU.ActiveCfg = Debug|Any CPU
		{AB834322-64F0-44FB-B9F2-D98344D89ADB}.Debug|Any CPU.Build.0 = Debug|Any CPU
		{AB834322-64F0-44FB-B9F2-D98344D89ADB}.Release|Any CPU.ActiveCfg = Release|Any CPU
		{AB834322-64F0-44FB-B9F2-D98344D89ADB}.Release|Any CPU.Build.0 = Release|Any CPU
		{A54DB432-DBB5-452C-A76B-51A7938892FE}.Debug|Any CPU.ActiveCfg = Debug|Any CPU
		{A54DB432-DBB5-452C-A76B-51A7938892FE}.Debug|Any CPU.Build.0 = Debug|Any CPU
		{A54DB432-DBB5-452C-A76B-51A7938892FE}.Release|Any CPU.ActiveCfg = Release|Any CPU
		{A54DB432-DBB5-452C-A76B-51A7938892FE}.Release|Any CPU.Build.0 = Release|Any CPU
		{3CB16458-548B-4DD5-BDC7-E6278C1B6E9C}.Debug|Any CPU.ActiveCfg = Debug|Any CPU
		{3CB16458-548B-4DD5-BDC7-E6278C1B6E9C}.Debug|Any CPU.Build.0 = Debug|Any CPU
		{3CB16458-548B-4DD5-BDC7-E6278C1B6E9C}.Release|Any CPU.ActiveCfg = Release|Any CPU
		{3CB16458-548B-4DD5-BDC7-E6278C1B6E9C}.Release|Any CPU.Build.0 = Release|Any CPU
		{DB001553-D473-4FB2-9D21-B0EA64B78690}.Debug|Any CPU.ActiveCfg = Debug|Any CPU
		{DB001553-D473-4FB2-9D21-B0EA64B78690}.Debug|Any CPU.Build.0 = Debug|Any CPU
		{DB001553-D473-4FB2-9D21-B0EA64B78690}.Release|Any CPU.ActiveCfg = Release|Any CPU
		{DB001553-D473-4FB2-9D21-B0EA64B78690}.Release|Any CPU.Build.0 = Release|Any CPU
		{AF4DCDAE-60CE-453C-9BDB-28941691B94B}.Debug|Any CPU.ActiveCfg = Debug|Any CPU
		{AF4DCDAE-60CE-453C-9BDB-28941691B94B}.Debug|Any CPU.Build.0 = Debug|Any CPU
		{AF4DCDAE-60CE-453C-9BDB-28941691B94B}.Release|Any CPU.ActiveCfg = Release|Any CPU
		{AF4DCDAE-60CE-453C-9BDB-28941691B94B}.Release|Any CPU.Build.0 = Release|Any CPU
		{923BFA0A-DA20-46DD-88D4-728BC1A10A08}.Debug|Any CPU.ActiveCfg = Debug|Any CPU
		{923BFA0A-DA20-46DD-88D4-728BC1A10A08}.Debug|Any CPU.Build.0 = Debug|Any CPU
		{923BFA0A-DA20-46DD-88D4-728BC1A10A08}.Release|Any CPU.ActiveCfg = Release|Any CPU
		{923BFA0A-DA20-46DD-88D4-728BC1A10A08}.Release|Any CPU.Build.0 = Release|Any CPU
		{FDDF3EF3-954A-481E-8A57-3BAA01CC5467}.Debug|Any CPU.ActiveCfg = Debug|Any CPU
		{FDDF3EF3-954A-481E-8A57-3BAA01CC5467}.Debug|Any CPU.Build.0 = Debug|Any CPU
		{FDDF3EF3-954A-481E-8A57-3BAA01CC5467}.Release|Any CPU.ActiveCfg = Release|Any CPU
		{FDDF3EF3-954A-481E-8A57-3BAA01CC5467}.Release|Any CPU.Build.0 = Release|Any CPU
		{F2134AB8-385C-414B-B255-63E054AF5D18}.Debug|Any CPU.ActiveCfg = Debug|Any CPU
		{F2134AB8-385C-414B-B255-63E054AF5D18}.Debug|Any CPU.Build.0 = Debug|Any CPU
		{F2134AB8-385C-414B-B255-63E054AF5D18}.Release|Any CPU.ActiveCfg = Release|Any CPU
		{F2134AB8-385C-414B-B255-63E054AF5D18}.Release|Any CPU.Build.0 = Release|Any CPU
		{69AFFF93-8AC3-4051-931C-B6E85F786CC7}.Debug|Any CPU.ActiveCfg = Debug|Any CPU
		{69AFFF93-8AC3-4051-931C-B6E85F786CC7}.Debug|Any CPU.Build.0 = Debug|Any CPU
		{69AFFF93-8AC3-4051-931C-B6E85F786CC7}.Release|Any CPU.ActiveCfg = Release|Any CPU
		{69AFFF93-8AC3-4051-931C-B6E85F786CC7}.Release|Any CPU.Build.0 = Release|Any CPU
		{9664CCA5-03C6-4157-8D4F-8D3AA6DBD609}.Debug|Any CPU.ActiveCfg = Debug|Any CPU
		{9664CCA5-03C6-4157-8D4F-8D3AA6DBD609}.Debug|Any CPU.Build.0 = Debug|Any CPU
		{9664CCA5-03C6-4157-8D4F-8D3AA6DBD609}.Release|Any CPU.ActiveCfg = Release|Any CPU
		{9664CCA5-03C6-4157-8D4F-8D3AA6DBD609}.Release|Any CPU.Build.0 = Release|Any CPU
		{3DCF1DF2-9814-4C40-A164-7DBD645D3C7B}.Debug|Any CPU.ActiveCfg = Debug|Any CPU
		{3DCF1DF2-9814-4C40-A164-7DBD645D3C7B}.Debug|Any CPU.Build.0 = Debug|Any CPU
		{3DCF1DF2-9814-4C40-A164-7DBD645D3C7B}.Release|Any CPU.ActiveCfg = Release|Any CPU
		{3DCF1DF2-9814-4C40-A164-7DBD645D3C7B}.Release|Any CPU.Build.0 = Release|Any CPU
		{5BB4A5B3-BD21-441B-8E3F-B9D87FFBE8D6}.Debug|Any CPU.ActiveCfg = Debug|Any CPU
		{5BB4A5B3-BD21-441B-8E3F-B9D87FFBE8D6}.Debug|Any CPU.Build.0 = Debug|Any CPU
		{5BB4A5B3-BD21-441B-8E3F-B9D87FFBE8D6}.Release|Any CPU.ActiveCfg = Release|Any CPU
		{5BB4A5B3-BD21-441B-8E3F-B9D87FFBE8D6}.Release|Any CPU.Build.0 = Release|Any CPU
		{05B54915-8433-4470-BE48-FAD769753956}.Debug|Any CPU.ActiveCfg = Debug|Any CPU
		{05B54915-8433-4470-BE48-FAD769753956}.Debug|Any CPU.Build.0 = Debug|Any CPU
		{05B54915-8433-4470-BE48-FAD769753956}.Release|Any CPU.ActiveCfg = Release|Any CPU
		{05B54915-8433-4470-BE48-FAD769753956}.Release|Any CPU.Build.0 = Release|Any CPU
	EndGlobalSection
	GlobalSection(SolutionProperties) = preSolution
		HideSolutionNode = FALSE
	EndGlobalSection
	GlobalSection(NestedProjects) = preSolution
		{AB834322-64F0-44FB-B9F2-D98344D89ADB} = {A1924C66-52F1-4A26-878B-A6A59FC0E5D3}
		{A54DB432-DBB5-452C-A76B-51A7938892FE} = {A1924C66-52F1-4A26-878B-A6A59FC0E5D3}
		{3CB16458-548B-4DD5-BDC7-E6278C1B6E9C} = {A1924C66-52F1-4A26-878B-A6A59FC0E5D3}
		{DB001553-D473-4FB2-9D21-B0EA64B78690} = {A1924C66-52F1-4A26-878B-A6A59FC0E5D3}
		{AF4DCDAE-60CE-453C-9BDB-28941691B94B} = {A1924C66-52F1-4A26-878B-A6A59FC0E5D3}
		{923BFA0A-DA20-46DD-88D4-728BC1A10A08} = {A1924C66-52F1-4A26-878B-A6A59FC0E5D3}
		{FDDF3EF3-954A-481E-8A57-3BAA01CC5467} = {DB944B8E-AE2A-437B-9F96-E0F6E96AD43E}
		{F2134AB8-385C-414B-B255-63E054AF5D18} = {DB944B8E-AE2A-437B-9F96-E0F6E96AD43E}
		{69AFFF93-8AC3-4051-931C-B6E85F786CC7} = {DB944B8E-AE2A-437B-9F96-E0F6E96AD43E}
		{9664CCA5-03C6-4157-8D4F-8D3AA6DBD609} = {DB944B8E-AE2A-437B-9F96-E0F6E96AD43E}
		{3DCF1DF2-9814-4C40-A164-7DBD645D3C7B} = {DB944B8E-AE2A-437B-9F96-E0F6E96AD43E}
		{5BB4A5B3-BD21-441B-8E3F-B9D87FFBE8D6} = {DB944B8E-AE2A-437B-9F96-E0F6E96AD43E}
		{05B54915-8433-4470-BE48-FAD769753956} = {DB944B8E-AE2A-437B-9F96-E0F6E96AD43E}
	EndGlobalSection
EndGlobal
