
Microsoft Visual Studio Solution File, Format Version 12.00
# Visual Studio Version 17
VisualStudioVersion = 17.8.34309.116
MinimumVisualStudioVersion = 10.0.40219.1
Project("{2150E333-8FDC-42A3-9474-1A3956D46DE8}") = "8.0", "8.0", "{EB788CDF-0B0E-4D15-B713-34BB4A526147}"
EndProject
Project("{2150E333-8FDC-42A3-9474-1A3956D46DE8}") = "9.0", "9.0", "{DD4637E6-D425-4522-AB1D-A45E2834CB5E}"
EndProject
Project("{FAE04EC0-301F-11D3-BF4B-00C04F79EFBC}") = "NewBackgroundOptions", "8.0\NewBackgroundOptions\NewBackgroundOptions.csproj", "{C3C90B36-0F1B-4BBD-B829-3422476AD4FD}"
EndProject
Project("{FAE04EC0-301F-11D3-BF4B-00C04F79EFBC}") = "SampleAPI", "8.0\SampleAPI\SampleAPI.csproj", "{075EECD2-9848-4388-860B-824163636F27}"
EndProject
Project("{FAE04EC0-301F-11D3-BF4B-00C04F79EFBC}") = "ShortCircuitingRoutes", "8.0\ShortCircuitingRoutes\ShortCircuitingRoutes.csproj", "{5ABCBF17-6A77-48EE-AEB2-B7BA85A9C2B6}"
EndProject
Project("{FAE04EC0-301F-11D3-BF4B-00C04F79EFBC}") = "UsingAOT", "8.0\UsingAOT\UsingAOT.csproj", "{138DC3E6-6481-4278-B0D9-B44F5A3D2900}"
EndProject
Project("{FAE04EC0-301F-11D3-BF4B-00C04F79EFBC}") = "UsingKeyedServices", "8.0\UsingKeyedServices\UsingKeyedServices.csproj", "{D1090DEE-0E5B-4CEB-963E-6B80A63EA1B6}"
EndProject
Project("{FAE04EC0-301F-11D3-BF4B-00C04F79EFBC}") = "WorkingWithAuth", "8.0\WorkingWithAuth\WorkingWithAuth.csproj", "{0B46C57A-0592-4605-9D41-7F3947C6552D}"
EndProject
Project("{FAE04EC0-301F-11D3-BF4B-00C04F79EFBC}") = "StaticAssetDeliveryOptimization", "9.0\StaticAssetDeliveryOptimization\StaticAssetDeliveryOptimization.csproj", "{8F004FFD-8C2C-4FB6-96A0-19C71F7E7E74}"
EndProject
Project("{FAE04EC0-301F-11D3-BF4B-00C04F79EFBC}") = "BlazorWebServer", "9.0\BlazorWebServer\BlazorWebServer.csproj", "{4AE383FA-E33C-49E1-9066-331851BBE73E}"
EndProject
Project("{FAE04EC0-301F-11D3-BF4B-00C04F79EFBC}") = "SignalRServer", "9.0\SignalRServer\SignalRServer.csproj", "{9408F287-C5F7-4CC0-91EF-97766438049B}"
EndProject
Project("{FAE04EC0-301F-11D3-BF4B-00C04F79EFBC}") = "MinimalApi", "9.0\MinimalApi\MinimalApi.csproj", "{A4B106CC-37C9-4363-A519-995903305BA9}"
EndProject
Project("{FAE04EC0-301F-11D3-BF4B-00C04F79EFBC}") = "OpenAPI", "9.0\OpenAPI\OpenAPI.csproj", "{582A714B-26EC-46FD-A2E7-C2DDD2DD17EE}"
EndProject
Global
	GlobalSection(SolutionConfigurationPlatforms) = preSolution
		Debug|Any CPU = Debug|Any CPU
		Release|Any CPU = Release|Any CPU
	EndGlobalSection
	GlobalSection(ProjectConfigurationPlatforms) = postSolution
		{C3C90B36-0F1B-4BBD-B829-3422476AD4FD}.Debug|Any CPU.ActiveCfg = Debug|Any CPU
		{C3C90B36-0F1B-4BBD-B829-3422476AD4FD}.Debug|Any CPU.Build.0 = Debug|Any CPU
		{C3C90B36-0F1B-4BBD-B829-3422476AD4FD}.Release|Any CPU.ActiveCfg = Release|Any CPU
		{C3C90B36-0F1B-4BBD-B829-3422476AD4FD}.Release|Any CPU.Build.0 = Release|Any CPU
		{075EECD2-9848-4388-860B-824163636F27}.Debug|Any CPU.ActiveCfg = Debug|Any CPU
		{075EECD2-9848-4388-860B-824163636F27}.Debug|Any CPU.Build.0 = Debug|Any CPU
		{075EECD2-9848-4388-860B-824163636F27}.Release|Any CPU.ActiveCfg = Release|Any CPU
		{075EECD2-9848-4388-860B-824163636F27}.Release|Any CPU.Build.0 = Release|Any CPU
		{5ABCBF17-6A77-48EE-AEB2-B7BA85A9C2B6}.Debug|Any CPU.ActiveCfg = Debug|Any CPU
		{5ABCBF17-6A77-48EE-AEB2-B7BA85A9C2B6}.Debug|Any CPU.Build.0 = Debug|Any CPU
		{5ABCBF17-6A77-48EE-AEB2-B7BA85A9C2B6}.Release|Any CPU.ActiveCfg = Release|Any CPU
		{5ABCBF17-6A77-48EE-AEB2-B7BA85A9C2B6}.Release|Any CPU.Build.0 = Release|Any CPU
		{138DC3E6-6481-4278-B0D9-B44F5A3D2900}.Debug|Any CPU.ActiveCfg = Debug|Any CPU
		{138DC3E6-6481-4278-B0D9-B44F5A3D2900}.Debug|Any CPU.Build.0 = Debug|Any CPU
		{138DC3E6-6481-4278-B0D9-B44F5A3D2900}.Release|Any CPU.ActiveCfg = Release|Any CPU
		{138DC3E6-6481-4278-B0D9-B44F5A3D2900}.Release|Any CPU.Build.0 = Release|Any CPU
		{D1090DEE-0E5B-4CEB-963E-6B80A63EA1B6}.Debug|Any CPU.ActiveCfg = Debug|Any CPU
		{D1090DEE-0E5B-4CEB-963E-6B80A63EA1B6}.Debug|Any CPU.Build.0 = Debug|Any CPU
		{D1090DEE-0E5B-4CEB-963E-6B80A63EA1B6}.Release|Any CPU.ActiveCfg = Release|Any CPU
		{D1090DEE-0E5B-4CEB-963E-6B80A63EA1B6}.Release|Any CPU.Build.0 = Release|Any CPU
		{0B46C57A-0592-4605-9D41-7F3947C6552D}.Debug|Any CPU.ActiveCfg = Debug|Any CPU
		{0B46C57A-0592-4605-9D41-7F3947C6552D}.Debug|Any CPU.Build.0 = Debug|Any CPU
		{0B46C57A-0592-4605-9D41-7F3947C6552D}.Release|Any CPU.ActiveCfg = Release|Any CPU
		{0B46C57A-0592-4605-9D41-7F3947C6552D}.Release|Any CPU.Build.0 = Release|Any CPU
		{8F004FFD-8C2C-4FB6-96A0-19C71F7E7E74}.Debug|Any CPU.ActiveCfg = Debug|Any CPU
		{8F004FFD-8C2C-4FB6-96A0-19C71F7E7E74}.Debug|Any CPU.Build.0 = Debug|Any CPU
		{8F004FFD-8C2C-4FB6-96A0-19C71F7E7E74}.Release|Any CPU.ActiveCfg = Release|Any CPU
		{8F004FFD-8C2C-4FB6-96A0-19C71F7E7E74}.Release|Any CPU.Build.0 = Release|Any CPU
		{4AE383FA-E33C-49E1-9066-331851BBE73E}.Debug|Any CPU.ActiveCfg = Debug|Any CPU
		{4AE383FA-E33C-49E1-9066-331851BBE73E}.Debug|Any CPU.Build.0 = Debug|Any CPU
		{4AE383FA-E33C-49E1-9066-331851BBE73E}.Release|Any CPU.ActiveCfg = Release|Any CPU
		{4AE383FA-E33C-49E1-9066-331851BBE73E}.Release|Any CPU.Build.0 = Release|Any CPU
		{9408F287-C5F7-4CC0-91EF-97766438049B}.Debug|Any CPU.ActiveCfg = Debug|Any CPU
		{9408F287-C5F7-4CC0-91EF-97766438049B}.Debug|Any CPU.Build.0 = Debug|Any CPU
		{9408F287-C5F7-4CC0-91EF-97766438049B}.Release|Any CPU.ActiveCfg = Release|Any CPU
		{9408F287-C5F7-4CC0-91EF-97766438049B}.Release|Any CPU.Build.0 = Release|Any CPU
		{A4B106CC-37C9-4363-A519-995903305BA9}.Debug|Any CPU.ActiveCfg = Debug|Any CPU
		{A4B106CC-37C9-4363-A519-995903305BA9}.Debug|Any CPU.Build.0 = Debug|Any CPU
		{A4B106CC-37C9-4363-A519-995903305BA9}.Release|Any CPU.ActiveCfg = Release|Any CPU
		{A4B106CC-37C9-4363-A519-995903305BA9}.Release|Any CPU.Build.0 = Release|Any CPU
		{582A714B-26EC-46FD-A2E7-C2DDD2DD17EE}.Debug|Any CPU.ActiveCfg = Debug|Any CPU
		{582A714B-26EC-46FD-A2E7-C2DDD2DD17EE}.Debug|Any CPU.Build.0 = Debug|Any CPU
		{582A714B-26EC-46FD-A2E7-C2DDD2DD17EE}.Release|Any CPU.ActiveCfg = Release|Any CPU
		{582A714B-26EC-46FD-A2E7-C2DDD2DD17EE}.Release|Any CPU.Build.0 = Release|Any CPU
	EndGlobalSection
	GlobalSection(SolutionProperties) = preSolution
		HideSolutionNode = FALSE
	EndGlobalSection
	GlobalSection(NestedProjects) = preSolution
		{C3C90B36-0F1B-4BBD-B829-3422476AD4FD} = {EB788CDF-0B0E-4D15-B713-34BB4A526147}
		{075EECD2-9848-4388-860B-824163636F27} = {EB788CDF-0B0E-4D15-B713-34BB4A526147}
		{5ABCBF17-6A77-48EE-AEB2-B7BA85A9C2B6} = {EB788CDF-0B0E-4D15-B713-34BB4A526147}
		{138DC3E6-6481-4278-B0D9-B44F5A3D2900} = {EB788CDF-0B0E-4D15-B713-34BB4A526147}
		{D1090DEE-0E5B-4CEB-963E-6B80A63EA1B6} = {EB788CDF-0B0E-4D15-B713-34BB4A526147}
		{0B46C57A-0592-4605-9D41-7F3947C6552D} = {EB788CDF-0B0E-4D15-B713-34BB4A526147}
		{8F004FFD-8C2C-4FB6-96A0-19C71F7E7E74} = {DD4637E6-D425-4522-AB1D-A45E2834CB5E}
		{4AE383FA-E33C-49E1-9066-331851BBE73E} = {DD4637E6-D425-4522-AB1D-A45E2834CB5E}
		{9408F287-C5F7-4CC0-91EF-97766438049B} = {DD4637E6-D425-4522-AB1D-A45E2834CB5E}
		{A4B106CC-37C9-4363-A519-995903305BA9} = {DD4637E6-D425-4522-AB1D-A45E2834CB5E}
		{582A714B-26EC-46FD-A2E7-C2DDD2DD17EE} = {DD4637E6-D425-4522-AB1D-A45E2834CB5E}
	EndGlobalSection
	GlobalSection(ExtensibilityGlobals) = postSolution
		SolutionGuid = {4E65ECCB-BEF9-4633-8216-4891DCA22253}
	EndGlobalSection
EndGlobal
